{
  "requires": true,
  "lockfileVersion": 1,
  "dependencies": {
    "@icon/elegant-icons": {
      "version": "0.0.1-alpha.4",
      "resolved": "https://registry.npmjs.org/@icon/elegant-icons/-/elegant-icons-0.0.1-alpha.4.tgz",
      "integrity": "sha512-D9+WZdWppJNi1cTG2M5Zkmxxs5zEwDJXGdE2l754rTvH25n6DmXVSjgYnvbfYmb10a2OuStmKLvG5Je/mbzx3g=="
    },
    "elegant-icons": {
      "version": "0.0.1",
      "resolved": "https://registry.npmjs.org/elegant-icons/-/elegant-icons-0.0.1.tgz",
      "integrity": "sha1-qdVl6QTGLmJI/5LN/cx3AK/ypjQ="
    }
  }
}
